golang.org/x/sys v0.2.0 h1:ljd4t30dBnAvMZaQCevtY0xLLD0A+bRZXbgLMLU1F/A=
golang.org/x/sys v0.2.0/go.mod h1:oPkhp1MJrh7nUepCBck5+mAzfO9JrbApNNgaTdGDITg=
gopkg.ilharper.com/x/isatty v1.1.0 h1:slOK6hP9/y9mJWyCInMwnT432NExfWyYV2SsebdYOCY=
gopkg.ilharper.com/x/isatty v1.1.0/go.mod h1:ofpv77Td5qQO6R1dmDd3oNt8TZdRo+l5gYAMxopRyS0=
